// !$*UTF8*$!
{
	archiveVersion = 1;
	classes = {
	};
	objectVersion = 46;
	objects = {

/* Begin PBXBuildFile section */
		883F3DD71DD13CF600CD4A77 /* include_reader.cpp in Sources */ = {isa = PBXBuildFile; fileRef = 883F3DD41DD13CF600CD4A77 /* include_reader.cpp */; };
		883F3DD81DD13CF600CD4A77 /* main.cpp in Sources */ = {isa = PBXBuildFile; fileRef = 883F3DD61DD13CF600CD4A77 /* main.cpp */; };
/* End PBXBuildFile section */

/* Begin PBXCopyFilesBuildPhase section */
		883F3DC51DD1375200CD4A77 /* CopyFiles */ = {
			isa = PBXCopyFilesBuildPhase;
			buildActionMask = 2147483647;
			dstPath = /usr/share/man/man1/;
			dstSubfolderSpec = 0;
			files = (
			);
			runOnlyForDeploymentPostprocessing = 1;
		};
/* End PBXCopyFilesBuildPhase section */

/* Begin PBXFileReference section */
		883F3DC71DD1375200CD4A77 /* Makefile Automator */ = {isa = PBXFileReference; explicitFileType = "compiled.mach-o.executable"; includeInIndex = 0; path = "Makefile Automator"; sourceTree = BUILT_PRODUCTS_DIR; };
		883F3DD41DD13CF600CD4A77 /* include_reader.cpp */ = {isa = PBXFileReference; fileEncoding = 4; lastKnownFileType = sourcecode.cpp.cpp; name = include_reader.cpp; path = src/include_reader.cpp; sourceTree = SOURCE_ROOT; };
		883F3DD51DD13CF600CD4A77 /* include_reader.hpp */ = {isa = PBXFileReference; fileEncoding = 4; lastKnownFileType = sourcecode.cpp.h; name = include_reader.hpp; path = src/include_reader.hpp; sourceTree = SOURCE_ROOT; };
		883F3DD61DD13CF600CD4A77 /* main.cpp */ = {isa = PBXFileReference; fileEncoding = 4; lastKnownFileType = sourcecode.cpp.cpp; name = main.cpp; path = src/main.cpp; sourceTree = SOURCE_ROOT; };
/* End PBXFileReference section */

/* Begin PBXFrameworksBuildPhase section */
		883F3DC41DD1375200CD4A77 /* Frameworks */ = {
			isa = PBXFrameworksBuildPhase;
			buildActionMask = 2147483647;
			files = (
			);
			runOnlyForDeploymentPostprocessing = 0;
		};
/* End PBXFrameworksBuildPhase section */

/* Begin PBXGroup section */
		883F3DBE1DD1375200CD4A77 = {
			isa = PBXGroup;
			children = (
				883F3DC91DD1375200CD4A77 /* Makefile Automator */,
				883F3DC81DD1375200CD4A77 /* Products */,
			);
			sourceTree = "<group>";
		};
		883F3DC81DD1375200CD4A77 /* Products */ = {
			isa = PBXGroup;
			children = (
				883F3DC71DD1375200CD4A77 /* Makefile Automator */,
			);
			name = Products;
			sourceTree = "<group>";
		};
		883F3DC91DD1375200CD4A77 /* Makefile Automator */ = {
			isa = PBXGroup;
			children = (
				883F3DD61DD13CF600CD4A77 /* main.cpp */,
				883F3DD41DD13CF600CD4A77 /* include_reader.cpp */,
				883F3DD51DD13CF600CD4A77 /* include_reader.hpp */,
			);
			path = "Makefile Automator";
			sourceTree = "<group>";
		};
/* End PBXGroup section */

/* Begin PBXNativeTarget section */
		883F3DC61DD1375200CD4A77 /* Makefile Automator */ = {
			isa = PBXNativeTarget;
			buildConfigurationList = 883F3DCE1DD1375200CD4A77 /* Build configuration list for PBXNativeTarget "Makefile Automator" */;
			buildPhases = (
				883F3DC31DD1375200CD4A77 /* Sources */,
				883F3DC41DD1375200CD4A77 /* Frameworks */,
				883F3DC51DD1375200CD4A77 /* CopyFiles */,
			);
			buildRules = (
			);
			dependencies = (
			);
			name = "Makefile Automator";
			productName = "Makefile Automator";
			productReference = 883F3DC71DD1375200CD4A77 /* Makefile Automator */;
			productType = "com.apple.product-type.tool";
		};
/* End PBXNativeTarget section */

/* Begin PBXProject section */
		883F3DBF1DD1375200CD4A77 /* Project object */ = {
			isa = PBXProject;
			attributes = {
				LastUpgradeCheck = 0810;
				ORGANIZATIONNAME = "Jesús Jiménez Sánchez";
				TargetAttributes = {
					883F3DC61DD1375200CD4A77 = {
						CreatedOnToolsVersion = 8.1;
						ProvisioningStyle = Automatic;
					};
				};
			};
			buildConfigurationList = 883F3DC21DD1375200CD4A77 /* Build configuration list for PBXProject "Makefile Automator" */;
			compatibilityVersion = "Xcode 3.2";
			developmentRegion = English;
			hasScannedForEncodings = 0;
			knownRegions = (
				en,
			);
			mainGroup = 883F3DBE1DD1375200CD4A77;
			productRefGroup = 883F3DC81DD1375200CD4A77 /* Products */;
			projectDirPath = "";
			projectRoot = "";
			targets = (
				883F3DC61DD1375200CD4A77 /* Makefile Automator */,
			);
		};
/* End PBXProject section */

/* Begin PBXSourcesBuildPhase section */
		883F3DC31DD1375200CD4A77 /* Sources */ = {
			isa = PBXSourcesBuildPhase;
			buildActionMask = 2147483647;
			files = (
				883F3DD81DD13CF600CD4A77 /* main.cpp in Sources */,
				883F3DD71DD13CF600CD4A77 /* include_reader.cpp in Sources */,
			);
			runOnlyForDeploymentPostprocessing = 0;
		};
/* End PBXSourcesBuildPhase section */

/* Begin XCBuildConfiguration section */
		883F3DCC1DD1375200CD4A77 /* Debug */ = {
			isa = XCBuildConfiguration;
			buildSettings = {
				ALWAYS_SEARCH_USER_PATHS = NO;
				CLANG_ANALYZER_NONNULL = YES;
				CLANG_CXX_LANGUAGE_STANDARD = "gnu++0x";
				CLANG_CXX_LIBRARY = "libc++";
				CLANG_ENABLE_MODULES = YES;
				CLANG_ENABLE_OBJC_ARC = YES;
				CLANG_WARN_BOOL_CONVERSION = YES;
				CLANG_WARN_CONSTANT_CONVERSION = YES;
				CLANG_WARN_DIRECT_OBJC_ISA_USAGE = YES_ERROR;
				CLANG_WARN_DOCUMENTATION_COMMENTS = YES;
				CLANG_WARN_EMPTY_BODY = YES;
				CLANG_WARN_ENUM_CONVERSION = YES;
				CLANG_WARN_INFINITE_RECURSION = YES;
				CLANG_WARN_INT_CONVERSION = YES;
				CLANG_WARN_OBJC_ROOT_CLASS = YES_ERROR;
				CLANG_WARN_SUSPICIOUS_MOVES = YES;
				CLANG_WARN_UNREACHABLE_CODE = YES;
				CLANG_WARN__DUPLICATE_METHOD_MATCH = YES;
				CODE_SIGN_IDENTITY = "-";
				COPY_PHASE_STRIP = NO;
				DEBUG_INFORMATION_FORMAT = dwarf;
				ENABLE_STRICT_OBJC_MSGSEND = YES;
				ENABLE_TESTABILITY = YES;
				GCC_C_LANGUAGE_STANDARD = gnu99;
				GCC_DYNAMIC_NO_PIC = NO;
				GCC_NO_COMMON_BLOCKS = YES;
				GCC_OPTIMIZATION_LEVEL = 0;
				GCC_PREPROCESSOR_DEFINITIONS = (
					"DEBUG=1",
					"$(inherited)",
				);
				GCC_WARN_64_TO_32_BIT_CONVERSION = YES;
				GCC_WARN_ABOUT_RETURN_TYPE = YES_ERROR;
				GCC_WARN_UNDECLARED_SELECTOR = YES;
				GCC_WARN_UNINITIALIZED_AUTOS = YES_AGGRESSIVE;
				GCC_WARN_UNUSED_FUNCTION = YES;
				GCC_WARN_UNUSED_VARIABLE = YES;
				MACOSX_DEPLOYMENT_TARGET = 10.12;
				MTL_ENABLE_DEBUG_INFO = YES;
				ONLY_ACTIVE_ARCH = YES;
				SDKROOT = macosx;
			};
			name = Debug;
		};
		883F3DCD1DD1375200CD4A77 /* Release */ = {
			isa = XCBuildConfiguration;
			buildSettings = {
				ALWAYS_SEARCH_USER_PATHS = NO;
				CLANG_ANALYZER_NONNULL = YES;
				CLANG_CXX_LANGUAGE_STANDARD = "gnu++0x";
				CLANG_CXX_LIBRARY = "libc++";
				CLANG_ENABLE_MODULES = YES;
				CLANG_ENABLE_OBJC_ARC = YES;
				CLANG_WARN_BOOL_CONVERSION = YES;
				CLANG_WARN_CONSTANT_CONVERSION = YES;
				CLANG_WARN_DIRECT_OBJC_ISA_USAGE = YES_ERROR;
				CLANG_WARN_DOCUMENTATION_COMMENTS = YES;
				CLANG_WARN_EMPTY_BODY = YES;
				CLANG_WARN_ENUM_CONVERSION = YES;
				CLANG_WARN_INFINITE_RECURSION = YES;
				CLANG_WARN_INT_CONVERSION = YES;
				CLANG_WARN_OBJC_ROOT_CLASS = YES_ERROR;
				CLANG_WARN_SUSPICIOUS_MOVES = YES;
				CLANG_WARN_UNREACHABLE_CODE = YES;
				CLANG_WARN__DUPLICATE_METHOD_MATCH = YES;
				CODE_SIGN_IDENTITY = "-";
				COPY_PHASE_STRIP = NO;
				DEBUG_INFORMATION_FORMAT = "dwarf-with-dsym";
				ENABLE_NS_ASSERTIONS = NO;
				ENABLE_STRICT_OBJC_MSGSEND = YES;
				GCC_C_LANGUAGE_STANDARD = gnu99;
				GCC_NO_COMMON_BLOCKS = YES;
				GCC_WARN_64_TO_32_BIT_CONVERSION = YES;
				GCC_WARN_ABOUT_RETURN_TYPE = YES_ERROR;
				GCC_WARN_UNDECLARED_SELECTOR = YES;
				GCC_WARN_UNINITIALIZED_AUTOS = YES_AGGRESSIVE;
				GCC_WARN_UNUSED_FUNCTION = YES;
				GCC_WARN_UNUSED_VARIABLE = YES;
				MACOSX_DEPLOYMENT_TARGET = 10.12;
				MTL_ENABLE_DEBUG_INFO = NO;
				SDKROOT = macosx;
			};
			name = Release;
		};
		883F3DCF1DD1375200CD4A77 /* Debug */ = {
			isa = XCBuildConfiguration;
			buildSettings = {
				PRODUCT_NAME = "$(TARGET_NAME)";
			};
			name = Debug;
		};
		883F3DD01DD1375200CD4A77 /* Release */ = {
			isa = XCBuildConfiguration;
			buildSettings = {
				PRODUCT_NAME = "$(TARGET_NAME)";
			};
			name = Release;
		};
/* End XCBuildConfiguration section */

/* Begin XCConfigurationList section */
		883F3DC21DD1375200CD4A77 /* Build configuration list for PBXProject "Makefile Automator" */ = {
			isa = XCConfigurationList;
			buildConfigurations = (
				883F3DCC1DD1375200CD4A77 /* Debug */,
				883F3DCD1DD1375200CD4A77 /* Release */,
			);
			defaultConfigurationIsVisible = 0;
			defaultConfigurationName = Release;
		};
		883F3DCE1DD1375200CD4A77 /* Build configuration list for PBXNativeTarget "Makefile Automator" */ = {
			isa = XCConfigurationList;
			buildConfigurations = (
				883F3DCF1DD1375200CD4A77 /* Debug */,
				883F3DD01DD1375200CD4A77 /* Release */,
			);
			defaultConfigurationIsVisible = 0;
			defaultConfigurationName = Release;
		};
/* End XCConfigurationList section */
	};
	rootObject = 883F3DBF1DD1375200CD4A77 /* Project object */;
}
